
Microsoft Visual Studio Solution File, Format Version 12.00
# Visual Studio Version 17
VisualStudioVersion = 17.10.35013.160
MinimumVisualStudioVersion = 10.0.40219.1
Project("{9A19103F-16F7-4668-BE54-9A1E7A4F7556}") = "LanosCertifiedStore.Presentation", "LanosCertifiedStore.Presentation\LanosCertifiedStore.Presentation.csproj", "{98D83B0E-4DFC-44C5-8138-6E1078EC76AD}"
EndProject
Project("{9A19103F-16F7-4668-BE54-9A1E7A4F7556}") = "LanosCertifiedStore.Domain", "LanosCertifiedStore.Domain\LanosCertifiedStore.Domain.csproj", "{2F978349-367F-4C03-83CF-5E75B62A70D3}"
EndProject
Project("{9A19103F-16F7-4668-BE54-9A1E7A4F7556}") = "LanosCertifiedStore.Persistence", "LanosCertifiedStore.Persistence\LanosCertifiedStore.Persistence.csproj", "{DDB0481B-E2C7-4D37-BB2C-1EC779D18668}"
EndProject
Project("{9A19103F-16F7-4668-BE54-9A1E7A4F7556}") = "LanosCertifiedStore.Application", "LanosCertifiedStore.Application\LanosCertifiedStore.Application.csproj", "{01680589-A225-4E10-AA1E-021D3BCA6262}"
EndProject
Project("{2150E333-8FDC-42A3-9474-1A3956D46DE8}") = "DomainLayer", "DomainLayer", "{08AD0B30-C411-4F09-B9D8-987115A1884C}"
EndProject
Project("{2150E333-8FDC-42A3-9474-1A3956D46DE8}") = "ApplicationLayer", "ApplicationLayer", "{859944D4-DE78-4B41-9F1B-8D4B30C0BB1F}"
EndProject
Project("{2150E333-8FDC-42A3-9474-1A3956D46DE8}") = "PresentationLayer", "PresentationLayer", "{96EC57CA-925D-4715-AFE4-9856355421C1}"
EndProject
Project("{2150E333-8FDC-42A3-9474-1A3956D46DE8}") = "InfrastructureLayer", "InfrastructureLayer", "{43ED3C6C-CD26-498F-8E02-A4EEB139CF5E}"
EndProject
Project("{9A19103F-16F7-4668-BE54-9A1E7A4F7556}") = "LanosCertifiedStore.Infrastructure", "LanosCertifiedStore.Infrastructure\LanosCertifiedStore.Infrastructure.csproj", "{2891F347-5B29-4BAE-BAE0-92F4AE32D404}"
EndProject
Project("{E53339B2-1760-4266-BCC7-CA923CBCF16C}") = "docker-compose", "docker-compose.dcproj", "{C568E5FA-6F14-400E-A9AB-1C2E37C956D0}"
EndProject
Global
	GlobalSection(SolutionConfigurationPlatforms) = preSolution
		Debug|Any CPU = Debug|Any CPU
		Release|Any CPU = Release|Any CPU
	EndGlobalSection
	GlobalSection(ProjectConfigurationPlatforms) = postSolution
		{98D83B0E-4DFC-44C5-8138-6E1078EC76AD}.Debug|Any CPU.ActiveCfg = Debug|Any CPU
		{98D83B0E-4DFC-44C5-8138-6E1078EC76AD}.Debug|Any CPU.Build.0 = Debug|Any CPU
		{98D83B0E-4DFC-44C5-8138-6E1078EC76AD}.Release|Any CPU.ActiveCfg = Release|Any CPU
		{98D83B0E-4DFC-44C5-8138-6E1078EC76AD}.Release|Any CPU.Build.0 = Release|Any CPU
		{2F978349-367F-4C03-83CF-5E75B62A70D3}.Debug|Any CPU.ActiveCfg = Debug|Any CPU
		{2F978349-367F-4C03-83CF-5E75B62A70D3}.Debug|Any CPU.Build.0 = Debug|Any CPU
		{2F978349-367F-4C03-83CF-5E75B62A70D3}.Release|Any CPU.ActiveCfg = Release|Any CPU
		{2F978349-367F-4C03-83CF-5E75B62A70D3}.Release|Any CPU.Build.0 = Release|Any CPU
		{DDB0481B-E2C7-4D37-BB2C-1EC779D18668}.Debug|Any CPU.ActiveCfg = Debug|Any CPU
		{DDB0481B-E2C7-4D37-BB2C-1EC779D18668}.Debug|Any CPU.Build.0 = Debug|Any CPU
		{DDB0481B-E2C7-4D37-BB2C-1EC779D18668}.Release|Any CPU.ActiveCfg = Release|Any CPU
		{DDB0481B-E2C7-4D37-BB2C-1EC779D18668}.Release|Any CPU.Build.0 = Release|Any CPU
		{01680589-A225-4E10-AA1E-021D3BCA6262}.Debug|Any CPU.ActiveCfg = Debug|Any CPU
		{01680589-A225-4E10-AA1E-021D3BCA6262}.Debug|Any CPU.Build.0 = Debug|Any CPU
		{01680589-A225-4E10-AA1E-021D3BCA6262}.Release|Any CPU.ActiveCfg = Release|Any CPU
		{01680589-A225-4E10-AA1E-021D3BCA6262}.Release|Any CPU.Build.0 = Release|Any CPU
		{2891F347-5B29-4BAE-BAE0-92F4AE32D404}.Debug|Any CPU.ActiveCfg = Debug|Any CPU
		{2891F347-5B29-4BAE-BAE0-92F4AE32D404}.Debug|Any CPU.Build.0 = Debug|Any CPU
		{2891F347-5B29-4BAE-BAE0-92F4AE32D404}.Release|Any CPU.ActiveCfg = Release|Any CPU
		{2891F347-5B29-4BAE-BAE0-92F4AE32D404}.Release|Any CPU.Build.0 = Release|Any CPU
		{C568E5FA-6F14-400E-A9AB-1C2E37C956D0}.Debug|Any CPU.ActiveCfg = Debug|Any CPU
		{C568E5FA-6F14-400E-A9AB-1C2E37C956D0}.Debug|Any CPU.Build.0 = Debug|Any CPU
		{C568E5FA-6F14-400E-A9AB-1C2E37C956D0}.Release|Any CPU.ActiveCfg = Release|Any CPU
		{C568E5FA-6F14-400E-A9AB-1C2E37C956D0}.Release|Any CPU.Build.0 = Release|Any CPU
	EndGlobalSection
	GlobalSection(SolutionProperties) = preSolution
		HideSolutionNode = FALSE
	EndGlobalSection
	GlobalSection(NestedProjects) = preSolution
		{98D83B0E-4DFC-44C5-8138-6E1078EC76AD} = {96EC57CA-925D-4715-AFE4-9856355421C1}
		{2F978349-367F-4C03-83CF-5E75B62A70D3} = {08AD0B30-C411-4F09-B9D8-987115A1884C}
		{DDB0481B-E2C7-4D37-BB2C-1EC779D18668} = {43ED3C6C-CD26-498F-8E02-A4EEB139CF5E}
		{01680589-A225-4E10-AA1E-021D3BCA6262} = {859944D4-DE78-4B41-9F1B-8D4B30C0BB1F}
		{2891F347-5B29-4BAE-BAE0-92F4AE32D404} = {43ED3C6C-CD26-498F-8E02-A4EEB139CF5E}
	EndGlobalSection
EndGlobal
